// !$*UTF8*$!
{
	archiveVersion = 1;
	classes = {
	};
	objectVersion = 46;
	objects = {

/* Begin PBXBuildFile section */
		AAD010B81DC3D81500A82C1A /* AppDelegate.swift in Sources */ = {isa = PBXBuildFile; fileRef = AAD010B71DC3D81500A82C1A /* AppDelegate.swift */; };
		AAD010BA1DC3D81500A82C1A /* ViewController.swift in Sources */ = {isa = PBXBuildFile; fileRef = AAD010B91DC3D81500A82C1A /* ViewController.swift */; };
		AAD010BD1DC3D81500A82C1A /* Main.storyboard in Resources */ = {isa = PBXBuildFile; fileRef = AAD010BB1DC3D81500A82C1A /* Main.storyboard */; };
		AAD010BF1DC3D81500A82C1A /* Assets.xcassets in Resources */ = {isa = PBXBuildFile; fileRef = AAD010BE1DC3D81500A82C1A /* Assets.xcassets */; };
		AAD010C21DC3D81500A82C1A /* LaunchScreen.storyboard in Resources */ = {isa = PBXBuildFile; fileRef = AAD010C01DC3D81500A82C1A /* LaunchScreen.storyboard */; };
		AAD010CA1DC3E44A00A82C1A /* aaron.gif in Resources */ = {isa = PBXBuildFile; fileRef = AAD010C91DC3E44A00A82C1A /* aaron.gif */; };
		AAD010D21DC3E74000A82C1A /* UserNotifications.framework in Frameworks */ = {isa = PBXBuildFile; fileRef = AAD010D11DC3E74000A82C1A /* UserNotifications.framework */; };
		AAD010D41DC3E74000A82C1A /* UserNotificationsUI.framework in Frameworks */ = {isa = PBXBuildFile; fileRef = AAD010D31DC3E74000A82C1A /* UserNotificationsUI.framework */; };
		AAD010D71DC3E74000A82C1A /* NotificationViewController.swift in Sources */ = {isa = PBXBuildFile; fileRef = AAD010D61DC3E74000A82C1A /* NotificationViewController.swift */; };
		AAD010DA1DC3E74000A82C1A /* MainInterface.storyboard in Resources */ = {isa = PBXBuildFile; fileRef = AAD010D81DC3E74000A82C1A /* MainInterface.storyboard */; };
		AAD010DE1DC3E74000A82C1A /* contentExtend.appex in Embed App Extensions */ = {isa = PBXBuildFile; fileRef = AAD010CF1DC3E74000A82C1A /* contentExtend.appex */; settings = {ATTRIBUTES = (RemoveHeadersOnCopy, ); }; };
/* End PBXBuildFile section */

/* Begin PBXContainerItemProxy section */
		AAD010DC1DC3E74000A82C1A /* PBXContainerItemProxy */ = {
			isa = PBXContainerItemProxy;
			containerPortal = AAD010AC1DC3D81400A82C1A /* Project object */;
			proxyType = 1;
			remoteGlobalIDString = AAD010CE1DC3E74000A82C1A;
			remoteInfo = contentExtend;
		};
/* End PBXContainerItemProxy section */

/* Begin PBXCopyFilesBuildPhase section */
		AAD010E21DC3E74000A82C1A /* Embed App Extensions */ = {
			isa = PBXCopyFilesBuildPhase;
			buildActionMask = 2147483647;
			dstPath = "";
			dstSubfolderSpec = 13;
			files = (
				AAD010DE1DC3E74000A82C1A /* contentExtend.appex in Embed App Extensions */,
			);
			name = "Embed App Extensions";
			runOnlyForDeploymentPostprocessing = 0;
		};
/* End PBXCopyFilesBuildPhase section */

/* Begin PBXFileReference section */
		AAD010B41DC3D81500A82C1A /* iOS 10 Notifications.app */ = {isa = PBXFileReference; explicitFileType = wrapper.application; includeInIndex = 0; path = "iOS 10 Notifications.app"; sourceTree = BUILT_PRODUCTS_DIR; };
		AAD010B71DC3D81500A82C1A /* AppDelegate.swift */ = {isa = PBXFileReference; lastKnownFileType = sourcecode.swift; path = AppDelegate.swift; sourceTree = "<group>"; };
		AAD010B91DC3D81500A82C1A /* ViewController.swift */ = {isa = PBXFileReference; lastKnownFileType = sourcecode.swift; path = ViewController.swift; sourceTree = "<group>"; };
		AAD010BC1DC3D81500A82C1A /* Base */ = {isa = PBXFileReference; lastKnownFileType = file.storyboard; name = Base; path = Base.lproj/Main.storyboard; sourceTree = "<group>"; };
		AAD010BE1DC3D81500A82C1A /* Assets.xcassets */ = {isa = PBXFileReference; lastKnownFileType = folder.assetcatalog; path = Assets.xcassets; sourceTree = "<group>"; };
		AAD010C11DC3D81500A82C1A /* Base */ = {isa = PBXFileReference; lastKnownFileType = file.storyboard; name = Base; path = Base.lproj/LaunchScreen.storyboard; sourceTree = "<group>"; };
		AAD010C31DC3D81500A82C1A /* Info.plist */ = {isa = PBXFileReference; lastKnownFileType = text.plist.xml; path = Info.plist; sourceTree = "<group>"; };
		AAD010C91DC3E44A00A82C1A /* aaron.gif */ = {isa = PBXFileReference; lastKnownFileType = image.gif; path = aaron.gif; sourceTree = "<group>"; };
		AAD010CF1DC3E74000A82C1A /* contentExtend.appex */ = {isa = PBXFileReference; explicitFileType = "wrapper.app-extension"; includeInIndex = 0; path = contentExtend.appex; sourceTree = BUILT_PRODUCTS_DIR; };
		AAD010D11DC3E74000A82C1A /* UserNotifications.framework */ = {isa = PBXFileReference; lastKnownFileType = wrapper.framework; name = UserNotifications.framework; path = System/Library/Frameworks/UserNotifications.framework; sourceTree = SDKROOT; };
		AAD010D31DC3E74000A82C1A /* UserNotificationsUI.framework */ = {isa = PBXFileReference; lastKnownFileType = wrapper.framework; name = UserNotificationsUI.framework; path = System/Library/Frameworks/UserNotificationsUI.framework; sourceTree = SDKROOT; };
		AAD010D61DC3E74000A82C1A /* NotificationViewController.swift */ = {isa = PBXFileReference; lastKnownFileType = sourcecode.swift; path = NotificationViewController.swift; sourceTree = "<group>"; };
		AAD010D91DC3E74000A82C1A /* Base */ = {isa = PBXFileReference; lastKnownFileType = file.storyboard; name = Base; path = Base.lproj/MainInterface.storyboard; sourceTree = "<group>"; };
		AAD010DB1DC3E74000A82C1A /* Info.plist */ = {isa = PBXFileReference; lastKnownFileType = text.plist.xml; path = Info.plist; sourceTree = "<group>"; };
/* End PBXFileReference section */

/* Begin PBXFrameworksBuildPhase section */
		AAD010B11DC3D81400A82C1A /* Frameworks */ = {
			isa = PBXFrameworksBuildPhase;
			buildActionMask = 2147483647;
			files = (
			);
			runOnlyForDeploymentPostprocessing = 0;
		};
		AAD010CC1DC3E74000A82C1A /* Frameworks */ = {
			isa = PBXFrameworksBuildPhase;
			buildActionMask = 2147483647;
			files = (
				AAD010D41DC3E74000A82C1A /* UserNotificationsUI.framework in Frameworks */,
				AAD010D21DC3E74000A82C1A /* UserNotifications.framework in Frameworks */,
			);
			runOnlyForDeploymentPostprocessing = 0;
		};
/* End PBXFrameworksBuildPhase section */

/* Begin PBXGroup section */
		AAD010AB1DC3D81400A82C1A = {
			isa = PBXGroup;
			children = (
				AAD010B61DC3D81500A82C1A /* iOS 10 Notifications */,
				AAD010D51DC3E74000A82C1A /* contentExtend */,
				AAD010D01DC3E74000A82C1A /* Frameworks */,
				AAD010B51DC3D81500A82C1A /* Products */,
			);
			sourceTree = "<group>";
		};
		AAD010B51DC3D81500A82C1A /* Products */ = {
			isa = PBXGroup;
			children = (
				AAD010B41DC3D81500A82C1A /* iOS 10 Notifications.app */,
				AAD010CF1DC3E74000A82C1A /* contentExtend.appex */,
			);
			name = Products;
			sourceTree = "<group>";
		};
		AAD010B61DC3D81500A82C1A /* iOS 10 Notifications */ = {
			isa = PBXGroup;
			children = (
				AAD010B71DC3D81500A82C1A /* AppDelegate.swift */,
				AAD010B91DC3D81500A82C1A /* ViewController.swift */,
				AAD010BB1DC3D81500A82C1A /* Main.storyboard */,
				AAD010BE1DC3D81500A82C1A /* Assets.xcassets */,
				AAD010C91DC3E44A00A82C1A /* aaron.gif */,
				AAD010C01DC3D81500A82C1A /* LaunchScreen.storyboard */,
				AAD010C31DC3D81500A82C1A /* Info.plist */,
			);
			path = "iOS 10 Notifications";
			sourceTree = "<group>";
		};
		AAD010D01DC3E74000A82C1A /* Frameworks */ = {
			isa = PBXGroup;
			children = (
				AAD010D11DC3E74000A82C1A /* UserNotifications.framework */,
				AAD010D31DC3E74000A82C1A /* UserNotificationsUI.framework */,
			);
			name = Frameworks;
			sourceTree = "<group>";
		};
		AAD010D51DC3E74000A82C1A /* contentExtend */ = {
			isa = PBXGroup;
			children = (
				AAD010D61DC3E74000A82C1A /* NotificationViewController.swift */,
				AAD010D81DC3E74000A82C1A /* MainInterface.storyboard */,
				AAD010DB1DC3E74000A82C1A /* Info.plist */,
			);
			path = contentExtend;
			sourceTree = "<group>";
		};
/* End PBXGroup section */

/* Begin PBXNativeTarget section */
		AAD010B31DC3D81400A82C1A /* iOS 10 Notifications */ = {
			isa = PBXNativeTarget;
			buildConfigurationList = AAD010C61DC3D81500A82C1A /* Build configuration list for PBXNativeTarget "iOS 10 Notifications" */;
			buildPhases = (
				AAD010B01DC3D81400A82C1A /* Sources */,
				AAD010B11DC3D81400A82C1A /* Frameworks */,
				AAD010B21DC3D81400A82C1A /* Resources */,
				AAD010E21DC3E74000A82C1A /* Embed App Extensions */,
			);
			buildRules = (
			);
			dependencies = (
				AAD010DD1DC3E74000A82C1A /* PBXTargetDependency */,
			);
			name = "iOS 10 Notifications";
			productName = "iOS 10 Notifications";
			productReference = AAD010B41DC3D81500A82C1A /* iOS 10 Notifications.app */;
			productType = "com.apple.product-type.application";
		};
		AAD010CE1DC3E74000A82C1A /* contentExtend */ = {
			isa = PBXNativeTarget;
			buildConfigurationList = AAD010DF1DC3E74000A82C1A /* Build configuration list for PBXNativeTarget "contentExtend" */;
			buildPhases = (
				AAD010CB1DC3E74000A82C1A /* Sources */,
				AAD010CC1DC3E74000A82C1A /* Frameworks */,
				AAD010CD1DC3E74000A82C1A /* Resources */,
			);
			buildRules = (
			);
			dependencies = (
			);
			name = contentExtend;
			productName = contentExtend;
			productReference = AAD010CF1DC3E74000A82C1A /* contentExtend.appex */;
			productType = "com.apple.product-type.app-extension";
		};
/* End PBXNativeTarget section */

/* Begin PBXProject section */
		AAD010AC1DC3D81400A82C1A /* Project object */ = {
			isa = PBXProject;
			attributes = {
				LastSwiftUpdateCheck = 0810;
				LastUpgradeCheck = 0810;
				ORGANIZATIONNAME = "winandmac Media";
				TargetAttributes = {
					AAD010B31DC3D81400A82C1A = {
						CreatedOnToolsVersion = 8.1;
						DevelopmentTeam = 2S6B5447W9;
						ProvisioningStyle = Automatic;
					};
					AAD010CE1DC3E74000A82C1A = {
						CreatedOnToolsVersion = 8.1;
						DevelopmentTeam = 2S6B5447W9;
						ProvisioningStyle = Automatic;
					};
				};
			};
			buildConfigurationList = AAD010AF1DC3D81400A82C1A /* Build configuration list for PBXProject "iOS 10 Notifications" */;
			compatibilityVersion = "Xcode 3.2";
			developmentRegion = English;
			hasScannedForEncodings = 0;
			knownRegions = (
				en,
				Base,
			);
			mainGroup = AAD010AB1DC3D81400A82C1A;
			productRefGroup = AAD010B51DC3D81500A82C1A /* Products */;
			projectDirPath = "";
			projectRoot = "";
			targets = (
				AAD010B31DC3D81400A82C1A /* iOS 10 Notifications */,
				AAD010CE1DC3E74000A82C1A /* contentExtend */,
			);
		};
/* End PBXProject section */

/* Begin PBXResourcesBuildPhase section */
		AAD010B21DC3D81400A82C1A /* Resources */ = {
			isa = PBXResourcesBuildPhase;
			buildActionMask = 2147483647;
			files = (
				AAD010C21DC3D81500A82C1A /* LaunchScreen.storyboard in Resources */,
				AAD010BF1DC3D81500A82C1A /* Assets.xcassets in Resources */,
				AAD010CA1DC3E44A00A82C1A /* aaron.gif in Resources */,
				AAD010BD1DC3D81500A82C1A /* Main.storyboard in Resources */,
			);
			runOnlyForDeploymentPostprocessing = 0;
		};
		AAD010CD1DC3E74000A82C1A /* Resources */ = {
			isa = PBXResourcesBuildPhase;
			buildActionMask = 2147483647;
			files = (
				AAD010DA1DC3E74000A82C1A /* MainInterface.storyboard in Resources */,
			);
			runOnlyForDeploymentPostprocessing = 0;
		};
/* End PBXResourcesBuildPhase section */

/* Begin PBXSourcesBuildPhase section */
		AAD010B01DC3D81400A82C1A /* Sources */ = {
			isa = PBXSourcesBuildPhase;
			buildActionMask = 2147483647;
			files = (
				AAD010BA1DC3D81500A82C1A /* ViewController.swift in Sources */,
				AAD010B81DC3D81500A82C1A /* AppDelegate.swift in Sources */,
			);
			runOnlyForDeploymentPostprocessing = 0;
		};
		AAD010CB1DC3E74000A82C1A /* Sources */ = {
			isa = PBXSourcesBuildPhase;
			buildActionMask = 2147483647;
			files = (
				AAD010D71DC3E74000A82C1A /* NotificationViewController.swift in Sources */,
			);
			runOnlyForDeploymentPostprocessing = 0;
		};
/* End PBXSourcesBuildPhase section */

/* Begin PBXTargetDependency section */
		AAD010DD1DC3E74000A82C1A /* PBXTargetDependency */ = {
			isa = PBXTargetDependency;
			target = AAD010CE1DC3E74000A82C1A /* contentExtend */;
			targetProxy = AAD010DC1DC3E74000A82C1A /* PBXContainerItemProxy */;
		};
/* End PBXTargetDependency section */

/* Begin PBXVariantGroup section */
		AAD010BB1DC3D81500A82C1A /* Main.storyboard */ = {
			isa = PBXVariantGroup;
			children = (
				AAD010BC1DC3D81500A82C1A /* Base */,
			);
			name = Main.storyboard;
			sourceTree = "<group>";
		};
		AAD010C01DC3D81500A82C1A /* LaunchScreen.storyboard */ = {
			isa = PBXVariantGroup;
			children = (
				AAD010C11DC3D81500A82C1A /* Base */,
			);
			name = LaunchScreen.storyboard;
			sourceTree = "<group>";
		};
		AAD010D81DC3E74000A82C1A /* MainInterface.storyboard */ = {
			isa = PBXVariantGroup;
			children = (
				AAD010D91DC3E74000A82C1A /* Base */,
			);
			name = MainInterface.storyboard;
			sourceTree = "<group>";
		};
/* End PBXVariantGroup section */

/* Begin XCBuildConfiguration section */
		AAD010C41DC3D81500A82C1A /* Debug */ = {
			isa = XCBuildConfiguration;
			buildSettings = {
				ALWAYS_SEARCH_USER_PATHS = NO;
				CLANG_ANALYZER_NONNULL = YES;
				CLANG_CXX_LANGUAGE_STANDARD = "gnu++0x";
				CLANG_CXX_LIBRARY = "libc++";
				CLANG_ENABLE_MODULES = YES;
				CLANG_ENABLE_OBJC_ARC = YES;
				CLANG_WARN_BOOL_CONVERSION = YES;
				CLANG_WARN_CONSTANT_CONVERSION = YES;
				CLANG_WARN_DIRECT_OBJC_ISA_USAGE = YES_ERROR;
				CLANG_WARN_DOCUMENTATION_COMMENTS = YES;
				CLANG_WARN_EMPTY_BODY = YES;
				CLANG_WARN_ENUM_CONVERSION = YES;
				CLANG_WARN_INFINITE_RECURSION = YES;
				CLANG_WARN_INT_CONVERSION = YES;
				CLANG_WARN_OBJC_ROOT_CLASS = YES_ERROR;
				CLANG_WARN_SUSPICIOUS_MOVES = YES;
				CLANG_WARN_UNREACHABLE_CODE = YES;
				CLANG_WARN__DUPLICATE_METHOD_MATCH = YES;
				"CODE_SIGN_IDENTITY[sdk=iphoneos*]" = "iPhone Developer";
				COPY_PHASE_STRIP = NO;
				DEBUG_INFORMATION_FORMAT = dwarf;
				ENABLE_STRICT_OBJC_MSGSEND = YES;
				ENABLE_TESTABILITY = YES;
				GCC_C_LANGUAGE_STANDARD = gnu99;
				GCC_DYNAMIC_NO_PIC = NO;
				GCC_NO_COMMON_BLOCKS = YES;
				GCC_OPTIMIZATION_LEVEL = 0;
				GCC_PREPROCESSOR_DEFINITIONS = (
					"DEBUG=1",
					"$(inherited)",
				);
				GCC_WARN_64_TO_32_BIT_CONVERSION = YES;
				GCC_WARN_ABOUT_RETURN_TYPE = YES_ERROR;
				GCC_WARN_UNDECLARED_SELECTOR = YES;
				GCC_WARN_UNINITIALIZED_AUTOS = YES_AGGRESSIVE;
				GCC_WARN_UNUSED_FUNCTION = YES;
				GCC_WARN_UNUSED_VARIABLE = YES;
				IPHONEOS_DEPLOYMENT_TARGET = 10.1;
				MTL_ENABLE_DEBUG_INFO = YES;
				ONLY_ACTIVE_ARCH = YES;
				SDKROOT = iphoneos;
				SWIFT_ACTIVE_COMPILATION_CONDITIONS = DEBUG;
				SWIFT_OPTIMIZATION_LEVEL = "-Onone";
				TARGETED_DEVICE_FAMILY = "1,2";
			};
			name = Debug;
		};
		AAD010C51DC3D81500A82C1A /* Release */ = {
			isa = XCBuildConfiguration;
			buildSettings = {
				ALWAYS_SEARCH_USER_PATHS = NO;
				CLANG_ANALYZER_NONNULL = YES;
				CLANG_CXX_LANGUAGE_STANDARD = "gnu++0x";
				CLANG_CXX_LIBRARY = "libc++";
				CLANG_ENABLE_MODULES = YES;
				CLANG_ENABLE_OBJC_ARC = YES;
				CLANG_WARN_BOOL_CONVERSION = YES;
				CLANG_WARN_CONSTANT_CONVERSION = YES;
				CLANG_WARN_DIRECT_OBJC_ISA_USAGE = YES_ERROR;
				CLANG_WARN_DOCUMENTATION_COMMENTS = YES;
				CLANG_WARN_EMPTY_BODY = YES;
				CLANG_WARN_ENUM_CONVERSION = YES;
				CLANG_WARN_INFINITE_RECURSION = YES;
				CLANG_WARN_INT_CONVERSION = YES;
				CLANG_WARN_OBJC_ROOT_CLASS = YES_ERROR;
				CLANG_WARN_SUSPICIOUS_MOVES = YES;
				CLANG_WARN_UNREACHABLE_CODE = YES;
				CLANG_WARN__DUPLICATE_METHOD_MATCH = YES;
				"CODE_SIGN_IDENTITY[sdk=iphoneos*]" = "iPhone Developer";
				COPY_PHASE_STRIP = NO;
				DEBUG_INFORMATION_FORMAT = "dwarf-with-dsym";
				ENABLE_NS_ASSERTIONS = NO;
				ENABLE_STRICT_OBJC_MSGSEND = YES;
				GCC_C_LANGUAGE_STANDARD = gnu99;
				GCC_NO_COMMON_BLOCKS = YES;
				GCC_WARN_64_TO_32_BIT_CONVERSION = YES;
				GCC_WARN_ABOUT_RETURN_TYPE = YES_ERROR;
				GCC_WARN_UNDECLARED_SELECTOR = YES;
				GCC_WARN_UNINITIALIZED_AUTOS = YES_AGGRESSIVE;
				GCC_WARN_UNUSED_FUNCTION = YES;
				GCC_WARN_UNUSED_VARIABLE = YES;
				IPHONEOS_DEPLOYMENT_TARGET = 10.1;
				MTL_ENABLE_DEBUG_INFO = NO;
				SDKROOT = iphoneos;
				SWIFT_OPTIMIZATION_LEVEL = "-Owholemodule";
				TARGETED_DEVICE_FAMILY = "1,2";
				VALIDATE_PRODUCT = YES;
			};
			name = Release;
		};
		AAD010C71DC3D81500A82C1A /* Debug */ = {
			isa = XCBuildConfiguration;
			buildSettings = {
				ALWAYS_EMBED_SWIFT_STANDARD_LIBRARIES = YES;
				ASSETCATALOG_COMPILER_APPICON_NAME = AppIcon;
				DEVELOPMENT_TEAM = 2S6B5447W9;
				INFOPLIST_FILE = "iOS 10 Notifications/Info.plist";
				LD_RUNPATH_SEARCH_PATHS = "$(inherited) @executable_path/Frameworks";
				PRODUCT_BUNDLE_IDENTIFIER = "com.winandmac.iOS-10-Notifications";
				PRODUCT_NAME = "$(TARGET_NAME)";
				SWIFT_VERSION = 3.0;
			};
			name = Debug;
		};
		AAD010C81DC3D81500A82C1A /* Release */ = {
			isa = XCBuildConfiguration;
			buildSettings = {
				ALWAYS_EMBED_SWIFT_STANDARD_LIBRARIES = YES;
				ASSETCATALOG_COMPILER_APPICON_NAME = AppIcon;
				DEVELOPMENT_TEAM = 2S6B5447W9;
				INFOPLIST_FILE = "iOS 10 Notifications/Info.plist";
				LD_RUNPATH_SEARCH_PATHS = "$(inherited) @executable_path/Frameworks";
				PRODUCT_BUNDLE_IDENTIFIER = "com.winandmac.iOS-10-Notifications";
				PRODUCT_NAME = "$(TARGET_NAME)";
				SWIFT_VERSION = 3.0;
			};
			name = Release;
		};
		AAD010E01DC3E74000A82C1A /* Debug */ = {
			isa = XCBuildConfiguration;
			buildSettings = {
				DEVELOPMENT_TEAM = 2S6B5447W9;
				INFOPLIST_FILE = contentExtend/Info.plist;
				LD_RUNPATH_SEARCH_PATHS = "$(inherited) @executable_path/Frameworks @executable_path/../../Frameworks";
				PRODUCT_BUNDLE_IDENTIFIER = "com.winandmac.iOS-10-Notifications.contentExtend";
				PRODUCT_NAME = "$(TARGET_NAME)";
				SKIP_INSTALL = YES;
				SWIFT_VERSION = 3.0;
			};
			name = Debug;
		};
		AAD010E11DC3E74000A82C1A /* Release */ = {
			isa = XCBuildConfiguration;
			buildSettings = {
				DEVELOPMENT_TEAM = 2S6B5447W9;
				INFOPLIST_FILE = contentExtend/Info.plist;
				LD_RUNPATH_SEARCH_PATHS = "$(inherited) @executable_path/Frameworks @executable_path/../../Frameworks";
				PRODUCT_BUNDLE_IDENTIFIER = "com.winandmac.iOS-10-Notifications.contentExtend";
				PRODUCT_NAME = "$(TARGET_NAME)";
				SKIP_INSTALL = YES;
				SWIFT_VERSION = 3.0;
			};
			name = Release;
		};
/* End XCBuildConfiguration section */

/* Begin XCConfigurationList section */
		AAD010AF1DC3D81400A82C1A /* Build configuration list for PBXProject "iOS 10 Notifications" */ = {
			isa = XCConfigurationList;
			buildConfigurations = (
				AAD010C41DC3D81500A82C1A /* Debug */,
				AAD010C51DC3D81500A82C1A /* Release */,
			);
			defaultConfigurationIsVisible = 0;
			defaultConfigurationName = Release;
		};
		AAD010C61DC3D81500A82C1A /* Build configuration list for PBXNativeTarget "iOS 10 Notifications" */ = {
			isa = XCConfigurationList;
			buildConfigurations = (
				AAD010C71DC3D81500A82C1A /* Debug */,
				AAD010C81DC3D81500A82C1A /* Release */,
			);
			defaultConfigurationIsVisible = 0;
		};
		AAD010DF1DC3E74000A82C1A /* Build configuration list for PBXNativeTarget "contentExtend" */ = {
			isa = XCConfigurationList;
			buildConfigurations = (
				AAD010E01DC3E74000A82C1A /* Debug */,
				AAD010E11DC3E74000A82C1A /* Release */,
			);
			defaultConfigurationIsVisible = 0;
		};
/* End XCConfigurationList section */
	};
	rootObject = AAD010AC1DC3D81400A82C1A /* Project object */;
}
